
Microsoft Visual Studio Solution File, Format Version 12.00
# Visual Studio Version 17
VisualStudioVersion = 17.9.34902.65
MinimumVisualStudioVersion = 10.0.40219.1
Project("{FAE04EC0-301F-11D3-BF4B-00C04F79EFBC}") = "winform-app", "winform-app\winform-app.csproj", "{5538B27F-86F2-4D61-99BE-821FFAB6A1B6}"
EndProject
Project("{FAE04EC0-301F-11D3-BF4B-00C04F79EFBC}") = "dominio", "dominio\dominio.csproj", "{8A3EA1C9-CB8C-4D28-AC19-AB6EDC276A1B}"
EndProject
Project("{FAE04EC0-301F-11D3-BF4B-00C04F79EFBC}") = "DBManager", "DBManager\DBManager.csproj", "{0005E024-F043-4EF9-B6B4-9634EFF654C8}"
EndProject
Global
	GlobalSection(SolutionConfigurationPlatforms) = preSolution
		Debug|Any CPU = Debug|Any CPU
		Release|Any CPU = Release|Any CPU
	EndGlobalSection
	GlobalSection(ProjectConfigurationPlatforms) = postSolution
		{5538B27F-86F2-4D61-99BE-821FFAB6A1B6}.Debug|Any CPU.ActiveCfg = Debug|Any CPU
		{5538B27F-86F2-4D61-99BE-821FFAB6A1B6}.Debug|Any CPU.Build.0 = Debug|Any CPU
		{5538B27F-86F2-4D61-99BE-821FFAB6A1B6}.Release|Any CPU.ActiveCfg = Release|Any CPU
		{5538B27F-86F2-4D61-99BE-821FFAB6A1B6}.Release|Any CPU.Build.0 = Release|Any CPU
		{8A3EA1C9-CB8C-4D28-AC19-AB6EDC276A1B}.Debug|Any CPU.ActiveCfg = Debug|Any CPU
		{8A3EA1C9-CB8C-4D28-AC19-AB6EDC276A1B}.Debug|Any CPU.Build.0 = Debug|Any CPU
		{8A3EA1C9-CB8C-4D28-AC19-AB6EDC276A1B}.Release|Any CPU.ActiveCfg = Release|Any CPU
		{8A3EA1C9-CB8C-4D28-AC19-AB6EDC276A1B}.Release|Any CPU.Build.0 = Release|Any CPU
		{0005E024-F043-4EF9-B6B4-9634EFF654C8}.Debug|Any CPU.ActiveCfg = Debug|Any CPU
		{0005E024-F043-4EF9-B6B4-9634EFF654C8}.Debug|Any CPU.Build.0 = Debug|Any CPU
		{0005E024-F043-4EF9-B6B4-9634EFF654C8}.Release|Any CPU.ActiveCfg = Release|Any CPU
		{0005E024-F043-4EF9-B6B4-9634EFF654C8}.Release|Any CPU.Build.0 = Release|Any CPU
	EndGlobalSection
	GlobalSection(SolutionProperties) = preSolution
		HideSolutionNode = FALSE
	EndGlobalSection
	GlobalSection(ExtensibilityGlobals) = postSolution
		SolutionGuid = {E2AED85F-A859-4B02-BCB0-967A66CAB90D}
	EndGlobalSection
EndGlobal
